
Microsoft Visual Studio Solution File, Format Version 12.00
# Visual Studio Version 17
VisualStudioVersion = 17.0.31815.197
MinimumVisualStudioVersion = 10.0.40219.1
Project("{8BC9CEB8-8B4A-11D0-8D11-00A0C91BC942}") = "Predict_Parser", "Predict_Parser\Predict_Parser.vcxproj", "{F522FCDA-E41F-4342-8642-07F818AE2DEF}"
EndProject
Global
	GlobalSection(SolutionConfigurationPlatforms) = preSolution
		Debug|x64 = Debug|x64
		Debug|x86 = Debug|x86
		Release|x64 = Release|x64
		Release|x86 = Release|x86
	EndGlobalSection
	GlobalSection(ProjectConfigurationPlatforms) = postSolution
		{F522FCDA-E41F-4342-8642-07F818AE2DEF}.Debug|x64.ActiveCfg = Debug|x64
		{F522FCDA-E41F-4342-8642-07F818AE2DEF}.Debug|x64.Build.0 = Debug|x64
		{F522FCDA-E41F-4342-8642-07F818AE2DEF}.Debug|x86.ActiveCfg = Debug|Win32
		{F522FCDA-E41F-4342-8642-07F818AE2DEF}.Debug|x86.Build.0 = Debug|Win32
		{F522FCDA-E41F-4342-8642-07F818AE2DEF}.Release|x64.ActiveCfg = Release|x64
		{F522FCDA-E41F-4342-8642-07F818AE2DEF}.Release|x64.Build.0 = Release|x64
		{F522FCDA-E41F-4342-8642-07F818AE2DEF}.Release|x86.ActiveCfg = Release|Win32
		{F522FCDA-E41F-4342-8642-07F818AE2DEF}.Release|x86.Build.0 = Release|Win32
	EndGlobalSection
	GlobalSection(SolutionProperties) = preSolution
		HideSolutionNode = FALSE
	EndGlobalSection
	GlobalSection(ExtensibilityGlobals) = postSolution
		SolutionGuid = {9CE5AE6E-23EA-4351-A837-F6185B0B73C7}
	EndGlobalSection
EndGlobal
